
Microsoft Visual Studio Solution File, Format Version 12.00
# Visual Studio Version 17
VisualStudioVersion = 17.5.002.0
MinimumVisualStudioVersion = 10.0.40219.1
Project("{9A19103F-16F7-4668-BE54-9A1E7A4F7556}") = "Task", "Task.csproj", "{A22218D1-5C6C-4C6C-BB5D-1130E0722A0C}"
EndProject
Global
	GlobalSection(SolutionConfigurationPlatforms) = preSolution
		Debug|Any CPU = Debug|Any CPU
		Release|Any CPU = Release|Any CPU
	EndGlobalSection
	GlobalSection(ProjectConfigurationPlatforms) = postSolution
		{A22218D1-5C6C-4C6C-BB5D-1130E0722A0C}.Debug|Any CPU.ActiveCfg = Debug|Any CPU
		{A22218D1-5C6C-4C6C-BB5D-1130E0722A0C}.Debug|Any CPU.Build.0 = Debug|Any CPU
		{A22218D1-5C6C-4C6C-BB5D-1130E0722A0C}.Release|Any CPU.ActiveCfg = Release|Any CPU
		{A22218D1-5C6C-4C6C-BB5D-1130E0722A0C}.Release|Any CPU.Build.0 = Release|Any CPU
	EndGlobalSection
	GlobalSection(SolutionProperties) = preSolution
		HideSolutionNode = FALSE
	EndGlobalSection
	GlobalSection(ExtensibilityGlobals) = postSolution
		SolutionGuid = {1B40B6AC-AB87-4D8A-A285-FB77A3DEEC74}
	EndGlobalSection
EndGlobal
